
Microsoft Visual Studio Solution File, Format Version 12.00
# Visual Studio Version 17
VisualStudioVersion = 17.8.34309.116
MinimumVisualStudioVersion = 10.0.40219.1
Project("{FAE04EC0-301F-11D3-BF4B-00C04F79EFBC}") = "ASCIISnakeGame", "ASCIISnakeGame.csproj", "{96886EE3-0C21-422F-816A-B54D224CA29C}"
EndProject
Global
	GlobalSection(SolutionConfigurationPlatforms) = preSolution
		Debug|Any CPU = Debug|Any CPU
		Release|Any CPU = Release|Any CPU
	EndGlobalSection
	GlobalSection(ProjectConfigurationPlatforms) = postSolution
		{96886EE3-0C21-422F-816A-B54D224CA29C}.Debug|Any CPU.ActiveCfg = Debug|Any CPU
		{96886EE3-0C21-422F-816A-B54D224CA29C}.Debug|Any CPU.Build.0 = Debug|Any CPU
		{96886EE3-0C21-422F-816A-B54D224CA29C}.Release|Any CPU.ActiveCfg = Release|Any CPU
		{96886EE3-0C21-422F-816A-B54D224CA29C}.Release|Any CPU.Build.0 = Release|Any CPU
	EndGlobalSection
	GlobalSection(SolutionProperties) = preSolution
		HideSolutionNode = FALSE
	EndGlobalSection
	GlobalSection(ExtensibilityGlobals) = postSolution
		SolutionGuid = {05E1F470-4331-4CAC-8F75-EF7E5EFB334D}
	EndGlobalSection
EndGlobal
